
Microsoft Visual Studio Solution File, Format Version 12.00
# Visual Studio 15
VisualStudioVersion = 15.0.27004.2005
MinimumVisualStudioVersion = 10.0.40219.1
Project("{FAE04EC0-301F-11D3-BF4B-00C04F79EFBC}") = "CSLCNL", "CSLCNL\CSLCNL.csproj", "{97E3F37F-0617-455C-8C2F-7724F5D7FCDC}"
EndProject
Project("{FAE04EC0-301F-11D3-BF4B-00C04F79EFBC}") = "NamelistGenerator", "NamelistGenerator\NamelistGenerator.csproj", "{A7488E3F-1C02-40F2-A7E3-709511A52D63}"
EndProject
Global
	GlobalSection(SolutionConfigurationPlatforms) = preSolution
		Debug|Any CPU = Debug|Any CPU
		Release|Any CPU = Release|Any CPU
	EndGlobalSection
	GlobalSection(ProjectConfigurationPlatforms) = postSolution
		{97E3F37F-0617-455C-8C2F-7724F5D7FCDC}.Debug|Any CPU.ActiveCfg = Debug|Any CPU
		{97E3F37F-0617-455C-8C2F-7724F5D7FCDC}.Debug|Any CPU.Build.0 = Debug|Any CPU
		{97E3F37F-0617-455C-8C2F-7724F5D7FCDC}.Release|Any CPU.ActiveCfg = Release|Any CPU
		{97E3F37F-0617-455C-8C2F-7724F5D7FCDC}.Release|Any CPU.Build.0 = Release|Any CPU
		{A7488E3F-1C02-40F2-A7E3-709511A52D63}.Debug|Any CPU.ActiveCfg = Debug|Any CPU
		{A7488E3F-1C02-40F2-A7E3-709511A52D63}.Debug|Any CPU.Build.0 = Debug|Any CPU
		{A7488E3F-1C02-40F2-A7E3-709511A52D63}.Release|Any CPU.ActiveCfg = Release|Any CPU
		{A7488E3F-1C02-40F2-A7E3-709511A52D63}.Release|Any CPU.Build.0 = Release|Any CPU
	EndGlobalSection
	GlobalSection(SolutionProperties) = preSolution
		HideSolutionNode = FALSE
	EndGlobalSection
	GlobalSection(ExtensibilityGlobals) = postSolution
		SolutionGuid = {45F811E5-E81D-4246-B759-7A7656D12F39}
	EndGlobalSection
EndGlobal
